
Microsoft Visual Studio Solution File, Format Version 12.00
# Visual Studio 14
VisualStudioVersion = 14.0.25420.1
MinimumVisualStudioVersion = 10.0.40219.1
Project("{FAE04EC0-301F-11D3-BF4B-00C04F79EFBC}") = "TF", "TF\TF\TF.csproj", "{2A03B3FB-D470-4AC4-841F-523B5289AC72}"
EndProject
Project("{FAE04EC0-301F-11D3-BF4B-00C04F79EFBC}") = "TF.Android", "TF\TF.Android\TF.Android.csproj", "{4C07A26E-7CBF-48FE-B180-40E999AE17ED}"
EndProject
Project("{FAE04EC0-301F-11D3-BF4B-00C04F79EFBC}") = "TF.iOS", "TF\TF.iOS\TF.iOS.csproj", "{48CBA138-EA12-4D56-A6FD-77FFD629D14A}"
EndProject
Project("{FAE04EC0-301F-11D3-BF4B-00C04F79EFBC}") = "TF.UWP", "TF\TF.UWP\TF.UWP.csproj", "{04C8B699-6B27-4D6B-A32C-076A60130BBA}"
EndProject
Global
	GlobalSection(SolutionConfigurationPlatforms) = preSolution
		Debug|Any CPU = Debug|Any CPU
		Debug|ARM = Debug|ARM
		Debug|iPhone = Debug|iPhone
		Debug|iPhoneSimulator = Debug|iPhoneSimulator
		Debug|x64 = Debug|x64
		Debug|x86 = Debug|x86
		Release|Any CPU = Release|Any CPU
		Release|ARM = Release|ARM
		Release|iPhone = Release|iPhone
		Release|iPhoneSimulator = Release|iPhoneSimulator
		Release|x64 = Release|x64
		Release|x86 = Release|x86
	EndGlobalSection
	GlobalSection(ProjectConfigurationPlatforms) = postSolution
		{2A03B3FB-D470-4AC4-841F-523B5289AC72}.Debug|Any CPU.ActiveCfg = Debug|Any CPU
		{2A03B3FB-D470-4AC4-841F-523B5289AC72}.Debug|Any CPU.Build.0 = Debug|Any CPU
		{2A03B3FB-D470-4AC4-841F-523B5289AC72}.Debug|ARM.ActiveCfg = Debug|Any CPU
		{2A03B3FB-D470-4AC4-841F-523B5289AC72}.Debug|ARM.Build.0 = Debug|Any CPU
		{2A03B3FB-D470-4AC4-841F-523B5289AC72}.Debug|iPhone.ActiveCfg = Debug|Any CPU
		{2A03B3FB-D470-4AC4-841F-523B5289AC72}.Debug|iPhone.Build.0 = Debug|Any CPU
		{2A03B3FB-D470-4AC4-841F-523B5289AC72}.Debug|iPhoneSimulator.ActiveCfg = Debug|Any CPU
		{2A03B3FB-D470-4AC4-841F-523B5289AC72}.Debug|iPhoneSimulator.Build.0 = Debug|Any CPU
		{2A03B3FB-D470-4AC4-841F-523B5289AC72}.Debug|x64.ActiveCfg = Debug|Any CPU
		{2A03B3FB-D470-4AC4-841F-523B5289AC72}.Debug|x64.Build.0 = Debug|Any CPU
		{2A03B3FB-D470-4AC4-841F-523B5289AC72}.Debug|x86.ActiveCfg = Debug|Any CPU
		{2A03B3FB-D470-4AC4-841F-523B5289AC72}.Debug|x86.Build.0 = Debug|Any CPU
		{2A03B3FB-D470-4AC4-841F-523B5289AC72}.Release|Any CPU.ActiveCfg = Release|Any CPU
		{2A03B3FB-D470-4AC4-841F-523B5289AC72}.Release|Any CPU.Build.0 = Release|Any CPU
		{2A03B3FB-D470-4AC4-841F-523B5289AC72}.Release|ARM.ActiveCfg = Release|Any CPU
		{2A03B3FB-D470-4AC4-841F-523B5289AC72}.Release|ARM.Build.0 = Release|Any CPU
		{2A03B3FB-D470-4AC4-841F-523B5289AC72}.Release|iPhone.ActiveCfg = Release|Any CPU
		{2A03B3FB-D470-4AC4-841F-523B5289AC72}.Release|iPhone.Build.0 = Release|Any CPU
		{2A03B3FB-D470-4AC4-841F-523B5289AC72}.Release|iPhoneSimulator.ActiveCfg = Release|Any CPU
		{2A03B3FB-D470-4AC4-841F-523B5289AC72}.Release|iPhoneSimulator.Build.0 = Release|Any CPU
		{2A03B3FB-D470-4AC4-841F-523B5289AC72}.Release|x64.ActiveCfg = Release|Any CPU
		{2A03B3FB-D470-4AC4-841F-523B5289AC72}.Release|x64.Build.0 = Release|Any CPU
		{2A03B3FB-D470-4AC4-841F-523B5289AC72}.Release|x86.ActiveCfg = Release|Any CPU
		{2A03B3FB-D470-4AC4-841F-523B5289AC72}.Release|x86.Build.0 = Release|Any CPU
		{4C07A26E-7CBF-48FE-B180-40E999AE17ED}.Debug|Any CPU.ActiveCfg = Debug|Any CPU
		{4C07A26E-7CBF-48FE-B180-40E999AE17ED}.Debug|Any CPU.Build.0 = Debug|Any CPU
		{4C07A26E-7CBF-48FE-B180-40E999AE17ED}.Debug|Any CPU.Deploy.0 = Debug|Any CPU
		{4C07A26E-7CBF-48FE-B180-40E999AE17ED}.Debug|ARM.ActiveCfg = Debug|Any CPU
		{4C07A26E-7CBF-48FE-B180-40E999AE17ED}.Debug|ARM.Build.0 = Debug|Any CPU
		{4C07A26E-7CBF-48FE-B180-40E999AE17ED}.Debug|ARM.Deploy.0 = Debug|Any CPU
		{4C07A26E-7CBF-48FE-B180-40E999AE17ED}.Debug|iPhone.ActiveCfg = Debug|Any CPU
		{4C07A26E-7CBF-48FE-B180-40E999AE17ED}.Debug|iPhone.Build.0 = Debug|Any CPU
		{4C07A26E-7CBF-48FE-B180-40E999AE17ED}.Debug|iPhone.Deploy.0 = Debug|Any CPU
		{4C07A26E-7CBF-48FE-B180-40E999AE17ED}.Debug|iPhoneSimulator.ActiveCfg = Debug|Any CPU
		{4C07A26E-7CBF-48FE-B180-40E999AE17ED}.Debug|iPhoneSimulator.Build.0 = Debug|Any CPU
		{4C07A26E-7CBF-48FE-B180-40E999AE17ED}.Debug|iPhoneSimulator.Deploy.0 = Debug|Any CPU
		{4C07A26E-7CBF-48FE-B180-40E999AE17ED}.Debug|x64.ActiveCfg = Debug|Any CPU
		{4C07A26E-7CBF-48FE-B180-40E999AE17ED}.Debug|x64.Build.0 = Debug|Any CPU
		{4C07A26E-7CBF-48FE-B180-40E999AE17ED}.Debug|x64.Deploy.0 = Debug|Any CPU
		{4C07A26E-7CBF-48FE-B180-40E999AE17ED}.Debug|x86.ActiveCfg = Debug|Any CPU
		{4C07A26E-7CBF-48FE-B180-40E999AE17ED}.Debug|x86.Build.0 = Debug|Any CPU
		{4C07A26E-7CBF-48FE-B180-40E999AE17ED}.Debug|x86.Deploy.0 = Debug|Any CPU
		{4C07A26E-7CBF-48FE-B180-40E999AE17ED}.Release|Any CPU.ActiveCfg = Release|Any CPU
		{4C07A26E-7CBF-48FE-B180-40E999AE17ED}.Release|Any CPU.Build.0 = Release|Any CPU
		{4C07A26E-7CBF-48FE-B180-40E999AE17ED}.Release|Any CPU.Deploy.0 = Release|Any CPU
		{4C07A26E-7CBF-48FE-B180-40E999AE17ED}.Release|ARM.ActiveCfg = Release|Any CPU
		{4C07A26E-7CBF-48FE-B180-40E999AE17ED}.Release|ARM.Build.0 = Release|Any CPU
		{4C07A26E-7CBF-48FE-B180-40E999AE17ED}.Release|ARM.Deploy.0 = Release|Any CPU
		{4C07A26E-7CBF-48FE-B180-40E999AE17ED}.Release|iPhone.ActiveCfg = Release|Any CPU
		{4C07A26E-7CBF-48FE-B180-40E999AE17ED}.Release|iPhone.Build.0 = Release|Any CPU
		{4C07A26E-7CBF-48FE-B180-40E999AE17ED}.Release|iPhone.Deploy.0 = Release|Any CPU
		{4C07A26E-7CBF-48FE-B180-40E999AE17ED}.Release|iPhoneSimulator.ActiveCfg = Release|Any CPU
		{4C07A26E-7CBF-48FE-B180-40E999AE17ED}.Release|iPhoneSimulator.Build.0 = Release|Any CPU
		{4C07A26E-7CBF-48FE-B180-40E999AE17ED}.Release|iPhoneSimulator.Deploy.0 = Release|Any CPU
		{4C07A26E-7CBF-48FE-B180-40E999AE17ED}.Release|x64.ActiveCfg = Release|Any CPU
		{4C07A26E-7CBF-48FE-B180-40E999AE17ED}.Release|x64.Build.0 = Release|Any CPU
		{4C07A26E-7CBF-48FE-B180-40E999AE17ED}.Release|x64.Deploy.0 = Release|Any CPU
		{4C07A26E-7CBF-48FE-B180-40E999AE17ED}.Release|x86.ActiveCfg = Release|Any CPU
		{4C07A26E-7CBF-48FE-B180-40E999AE17ED}.Release|x86.Build.0 = Release|Any CPU
		{4C07A26E-7CBF-48FE-B180-40E999AE17ED}.Release|x86.Deploy.0 = Release|Any CPU
		{48CBA138-EA12-4D56-A6FD-77FFD629D14A}.Debug|Any CPU.ActiveCfg = Debug|iPhone
		{48CBA138-EA12-4D56-A6FD-77FFD629D14A}.Debug|ARM.ActiveCfg = Debug|iPhone
		{48CBA138-EA12-4D56-A6FD-77FFD629D14A}.Debug|iPhone.ActiveCfg = Debug|iPhone
		{48CBA138-EA12-4D56-A6FD-77FFD629D14A}.Debug|iPhone.Build.0 = Debug|iPhone
		{48CBA138-EA12-4D56-A6FD-77FFD629D14A}.Debug|iPhoneSimulator.ActiveCfg = Debug|iPhoneSimulator
		{48CBA138-EA12-4D56-A6FD-77FFD629D14A}.Debug|iPhoneSimulator.Build.0 = Debug|iPhoneSimulator
		{48CBA138-EA12-4D56-A6FD-77FFD629D14A}.Debug|x64.ActiveCfg = Debug|iPhone
		{48CBA138-EA12-4D56-A6FD-77FFD629D14A}.Debug|x86.ActiveCfg = Debug|iPhone
		{48CBA138-EA12-4D56-A6FD-77FFD629D14A}.Release|Any CPU.ActiveCfg = Release|iPhone
		{48CBA138-EA12-4D56-A6FD-77FFD629D14A}.Release|ARM.ActiveCfg = Release|iPhone
		{48CBA138-EA12-4D56-A6FD-77FFD629D14A}.Release|iPhone.ActiveCfg = Release|iPhone
		{48CBA138-EA12-4D56-A6FD-77FFD629D14A}.Release|iPhone.Build.0 = Release|iPhone
		{48CBA138-EA12-4D56-A6FD-77FFD629D14A}.Release|iPhoneSimulator.ActiveCfg = Release|iPhoneSimulator
		{48CBA138-EA12-4D56-A6FD-77FFD629D14A}.Release|iPhoneSimulator.Build.0 = Release|iPhoneSimulator
		{48CBA138-EA12-4D56-A6FD-77FFD629D14A}.Release|x64.ActiveCfg = Release|iPhone
		{48CBA138-EA12-4D56-A6FD-77FFD629D14A}.Release|x86.ActiveCfg = Release|iPhone
		{04C8B699-6B27-4D6B-A32C-076A60130BBA}.Debug|Any CPU.ActiveCfg = Debug|x86
		{04C8B699-6B27-4D6B-A32C-076A60130BBA}.Debug|ARM.ActiveCfg = Debug|ARM
		{04C8B699-6B27-4D6B-A32C-076A60130BBA}.Debug|ARM.Build.0 = Debug|ARM
		{04C8B699-6B27-4D6B-A32C-076A60130BBA}.Debug|ARM.Deploy.0 = Debug|ARM
		{04C8B699-6B27-4D6B-A32C-076A60130BBA}.Debug|iPhone.ActiveCfg = Debug|x86
		{04C8B699-6B27-4D6B-A32C-076A60130BBA}.Debug|iPhoneSimulator.ActiveCfg = Debug|x86
		{04C8B699-6B27-4D6B-A32C-076A60130BBA}.Debug|x64.ActiveCfg = Debug|x64
		{04C8B699-6B27-4D6B-A32C-076A60130BBA}.Debug|x64.Build.0 = Debug|x64
		{04C8B699-6B27-4D6B-A32C-076A60130BBA}.Debug|x64.Deploy.0 = Debug|x64
		{04C8B699-6B27-4D6B-A32C-076A60130BBA}.Debug|x86.ActiveCfg = Debug|x86
		{04C8B699-6B27-4D6B-A32C-076A60130BBA}.Debug|x86.Build.0 = Debug|x86
		{04C8B699-6B27-4D6B-A32C-076A60130BBA}.Debug|x86.Deploy.0 = Debug|x86
		{04C8B699-6B27-4D6B-A32C-076A60130BBA}.Release|Any CPU.ActiveCfg = Release|x86
		{04C8B699-6B27-4D6B-A32C-076A60130BBA}.Release|ARM.ActiveCfg = Release|ARM
		{04C8B699-6B27-4D6B-A32C-076A60130BBA}.Release|ARM.Build.0 = Release|ARM
		{04C8B699-6B27-4D6B-A32C-076A60130BBA}.Release|ARM.Deploy.0 = Release|ARM
		{04C8B699-6B27-4D6B-A32C-076A60130BBA}.Release|iPhone.ActiveCfg = Release|x86
		{04C8B699-6B27-4D6B-A32C-076A60130BBA}.Release|iPhoneSimulator.ActiveCfg = Release|x86
		{04C8B699-6B27-4D6B-A32C-076A60130BBA}.Release|x64.ActiveCfg = Release|x64
		{04C8B699-6B27-4D6B-A32C-076A60130BBA}.Release|x64.Build.0 = Release|x64
		{04C8B699-6B27-4D6B-A32C-076A60130BBA}.Release|x64.Deploy.0 = Release|x64
		{04C8B699-6B27-4D6B-A32C-076A60130BBA}.Release|x86.ActiveCfg = Release|x86
		{04C8B699-6B27-4D6B-A32C-076A60130BBA}.Release|x86.Build.0 = Release|x86
		{04C8B699-6B27-4D6B-A32C-076A60130BBA}.Release|x86.Deploy.0 = Release|x86
	EndGlobalSection
	GlobalSection(SolutionProperties) = preSolution
		HideSolutionNode = FALSE
	EndGlobalSection
EndGlobal
